
Microsoft Visual Studio Solution File, Format Version 12.00
# Visual Studio Version 16
VisualStudioVersion = 16.0.31129.286
MinimumVisualStudioVersion = 10.0.40219.1
Project("{2150E333-8FDC-42A3-9474-1A3956D46DE8}") = "src", "src", "{D828D73D-CAF8-4050-BE47-EB59E37FB2C7}"
EndProject
Project("{2150E333-8FDC-42A3-9474-1A3956D46DE8}") = "tests", "tests", "{45B9CE88-C019-4F0D-842E-4CDB2C9ADE1B}"
EndProject
Project("{9A19103F-16F7-4668-BE54-9A1E7A4F7556}") = "NASA.Mars.Domain", "src\NASA.Mars.Domain\NASA.Mars.Domain.csproj", "{2F398920-EF8B-41F1-8160-39EFEC6BD13A}"
EndProject
Project("{9A19103F-16F7-4668-BE54-9A1E7A4F7556}") = "NASA.Mars.Shared", "src\NASA.Mars.Shared\NASA.Mars.Shared.csproj", "{0B54D424-DE4F-43B7-A8DB-35C197C754B9}"
EndProject
Project("{FAE04EC0-301F-11D3-BF4B-00C04F79EFBC}") = "NASA.Mars.Tests.Domain", "tests\NASA.Mars.Tests.Domain\NASA.Mars.Tests.Domain.csproj", "{40A87257-BF51-4092-9481-32541CBB26A4}"
EndProject
Project("{FAE04EC0-301F-11D3-BF4B-00C04F79EFBC}") = "NASA.Mars.LandManager", "src\NASA.Mars.LandManager\NASA.Mars.LandManager.csproj", "{272AED6A-75DB-4244-984F-8291FF722C84}"
EndProject
Global
	GlobalSection(SolutionConfigurationPlatforms) = preSolution
		Debug|Any CPU = Debug|Any CPU
		Debug|x64 = Debug|x64
		Debug|x86 = Debug|x86
		Release|Any CPU = Release|Any CPU
		Release|x64 = Release|x64
		Release|x86 = Release|x86
	EndGlobalSection
	GlobalSection(ProjectConfigurationPlatforms) = postSolution
		{2F398920-EF8B-41F1-8160-39EFEC6BD13A}.Debug|Any CPU.ActiveCfg = Debug|Any CPU
		{2F398920-EF8B-41F1-8160-39EFEC6BD13A}.Debug|Any CPU.Build.0 = Debug|Any CPU
		{2F398920-EF8B-41F1-8160-39EFEC6BD13A}.Debug|x64.ActiveCfg = Debug|Any CPU
		{2F398920-EF8B-41F1-8160-39EFEC6BD13A}.Debug|x64.Build.0 = Debug|Any CPU
		{2F398920-EF8B-41F1-8160-39EFEC6BD13A}.Debug|x86.ActiveCfg = Debug|Any CPU
		{2F398920-EF8B-41F1-8160-39EFEC6BD13A}.Debug|x86.Build.0 = Debug|Any CPU
		{2F398920-EF8B-41F1-8160-39EFEC6BD13A}.Release|Any CPU.ActiveCfg = Release|Any CPU
		{2F398920-EF8B-41F1-8160-39EFEC6BD13A}.Release|Any CPU.Build.0 = Release|Any CPU
		{2F398920-EF8B-41F1-8160-39EFEC6BD13A}.Release|x64.ActiveCfg = Release|Any CPU
		{2F398920-EF8B-41F1-8160-39EFEC6BD13A}.Release|x64.Build.0 = Release|Any CPU
		{2F398920-EF8B-41F1-8160-39EFEC6BD13A}.Release|x86.ActiveCfg = Release|Any CPU
		{2F398920-EF8B-41F1-8160-39EFEC6BD13A}.Release|x86.Build.0 = Release|Any CPU
		{0B54D424-DE4F-43B7-A8DB-35C197C754B9}.Debug|Any CPU.ActiveCfg = Debug|Any CPU
		{0B54D424-DE4F-43B7-A8DB-35C197C754B9}.Debug|Any CPU.Build.0 = Debug|Any CPU
		{0B54D424-DE4F-43B7-A8DB-35C197C754B9}.Debug|x64.ActiveCfg = Debug|Any CPU
		{0B54D424-DE4F-43B7-A8DB-35C197C754B9}.Debug|x64.Build.0 = Debug|Any CPU
		{0B54D424-DE4F-43B7-A8DB-35C197C754B9}.Debug|x86.ActiveCfg = Debug|Any CPU
		{0B54D424-DE4F-43B7-A8DB-35C197C754B9}.Debug|x86.Build.0 = Debug|Any CPU
		{0B54D424-DE4F-43B7-A8DB-35C197C754B9}.Release|Any CPU.ActiveCfg = Release|Any CPU
		{0B54D424-DE4F-43B7-A8DB-35C197C754B9}.Release|Any CPU.Build.0 = Release|Any CPU
		{0B54D424-DE4F-43B7-A8DB-35C197C754B9}.Release|x64.ActiveCfg = Release|Any CPU
		{0B54D424-DE4F-43B7-A8DB-35C197C754B9}.Release|x64.Build.0 = Release|Any CPU
		{0B54D424-DE4F-43B7-A8DB-35C197C754B9}.Release|x86.ActiveCfg = Release|Any CPU
		{0B54D424-DE4F-43B7-A8DB-35C197C754B9}.Release|x86.Build.0 = Release|Any CPU
		{40A87257-BF51-4092-9481-32541CBB26A4}.Debug|Any CPU.ActiveCfg = Debug|Any CPU
		{40A87257-BF51-4092-9481-32541CBB26A4}.Debug|Any CPU.Build.0 = Debug|Any CPU
		{40A87257-BF51-4092-9481-32541CBB26A4}.Debug|x64.ActiveCfg = Debug|Any CPU
		{40A87257-BF51-4092-9481-32541CBB26A4}.Debug|x64.Build.0 = Debug|Any CPU
		{40A87257-BF51-4092-9481-32541CBB26A4}.Debug|x86.ActiveCfg = Debug|Any CPU
		{40A87257-BF51-4092-9481-32541CBB26A4}.Debug|x86.Build.0 = Debug|Any CPU
		{40A87257-BF51-4092-9481-32541CBB26A4}.Release|Any CPU.ActiveCfg = Release|Any CPU
		{40A87257-BF51-4092-9481-32541CBB26A4}.Release|Any CPU.Build.0 = Release|Any CPU
		{40A87257-BF51-4092-9481-32541CBB26A4}.Release|x64.ActiveCfg = Release|Any CPU
		{40A87257-BF51-4092-9481-32541CBB26A4}.Release|x64.Build.0 = Release|Any CPU
		{40A87257-BF51-4092-9481-32541CBB26A4}.Release|x86.ActiveCfg = Release|Any CPU
		{40A87257-BF51-4092-9481-32541CBB26A4}.Release|x86.Build.0 = Release|Any CPU
		{272AED6A-75DB-4244-984F-8291FF722C84}.Debug|Any CPU.ActiveCfg = Debug|Any CPU
		{272AED6A-75DB-4244-984F-8291FF722C84}.Debug|Any CPU.Build.0 = Debug|Any CPU
		{272AED6A-75DB-4244-984F-8291FF722C84}.Debug|x64.ActiveCfg = Debug|Any CPU
		{272AED6A-75DB-4244-984F-8291FF722C84}.Debug|x64.Build.0 = Debug|Any CPU
		{272AED6A-75DB-4244-984F-8291FF722C84}.Debug|x86.ActiveCfg = Debug|Any CPU
		{272AED6A-75DB-4244-984F-8291FF722C84}.Debug|x86.Build.0 = Debug|Any CPU
		{272AED6A-75DB-4244-984F-8291FF722C84}.Release|Any CPU.ActiveCfg = Release|Any CPU
		{272AED6A-75DB-4244-984F-8291FF722C84}.Release|Any CPU.Build.0 = Release|Any CPU
		{272AED6A-75DB-4244-984F-8291FF722C84}.Release|x64.ActiveCfg = Release|Any CPU
		{272AED6A-75DB-4244-984F-8291FF722C84}.Release|x64.Build.0 = Release|Any CPU
		{272AED6A-75DB-4244-984F-8291FF722C84}.Release|x86.ActiveCfg = Release|Any CPU
		{272AED6A-75DB-4244-984F-8291FF722C84}.Release|x86.Build.0 = Release|Any CPU
	EndGlobalSection
	GlobalSection(SolutionProperties) = preSolution
		HideSolutionNode = FALSE
	EndGlobalSection
	GlobalSection(NestedProjects) = preSolution
		{2F398920-EF8B-41F1-8160-39EFEC6BD13A} = {D828D73D-CAF8-4050-BE47-EB59E37FB2C7}
		{0B54D424-DE4F-43B7-A8DB-35C197C754B9} = {D828D73D-CAF8-4050-BE47-EB59E37FB2C7}
		{40A87257-BF51-4092-9481-32541CBB26A4} = {45B9CE88-C019-4F0D-842E-4CDB2C9ADE1B}
		{272AED6A-75DB-4244-984F-8291FF722C84} = {D828D73D-CAF8-4050-BE47-EB59E37FB2C7}
	EndGlobalSection
	GlobalSection(ExtensibilityGlobals) = postSolution
		SolutionGuid = {4D6A93A9-B795-48E8-BB8A-A28B365280CE}
	EndGlobalSection
EndGlobal
